{
    "name": "rexford",
    "version": "1.2.2",
    "lockfileVersion": 3,
    "requires": true,
    "packages": {
        "": {
            "name": "rexford",
            "version": "1.2.2",
            "dependencies": {
                "cli-welcome": "^3.0.0"
            },
            "bin": {
                "rexford": "index.js",
                "rexford-cv": "rexford-cv.js"
            }
        },
        "node_modules/chalk": {
            "version": "5.4.1",
            "resolved": "https://registry.npmjs.org/chalk/-/chalk-5.4.1.tgz",
            "integrity": "sha512-zgVZuo2WcZgfUEmsn6eO3kINexW8RAE4maiQ8QNs8CtpPCSyMiYsULR3HQYkm3w8FIA3SberyMJMSldGsW+U3w==",
            "license": "MIT",
            "engines": {
                "node": "^12.17.0 || ^14.13 || >=16.0.0"
            },
            "funding": {
                "url": "https://github.com/chalk/chalk?sponsor=1"
            }
        },
        "node_modules/clear-any-console": {
            "version": "1.16.2",
            "resolved": "https://registry.npmjs.org/clear-any-console/-/clear-any-console-1.16.2.tgz",
            "integrity": "sha512-OL/7wZpNy9x0GBSzz3poWja84Nr7iaH8aYNsJ5Uet2BVLj6Lm1zvWpZN/yH46Vv3ae7YfHmLLMmfHj911fshJg==",
            "license": "MIT"
        },
        "node_modules/cli-welcome": {
            "version": "3.0.0",
            "resolved": "https://registry.npmjs.org/cli-welcome/-/cli-welcome-3.0.0.tgz",
            "integrity": "sha512-uLciYdTzTYnQQPPbn6UsqZWeSR6HTZSoVXkZb7Wf7aWquRxCXTXRSyb+IwfbsW4LMYdGcwa5BzwM6JeoAjjLEA==",
            "license": "MIT",
            "dependencies": {
                "chalk": "^5.3.0",
                "clear-any-console": "^1.16.0"
            }
        }
    }
}
